
Microsoft Visual Studio Solution File, Format Version 12.00
# Visual Studio Version 17
VisualStudioVersion = 17.11.35222.181
MinimumVisualStudioVersion = 10.0.40219.1
Project("{FAE04EC0-301F-11D3-BF4B-00C04F79EFBC}") = "Password hashing app", "Password hashing app.csproj", "{FAF69E4E-3AD0-47E2-95EF-0C64F0D8862D}"
EndProject
Project("{54435603-DBB4-11D2-8724-00A0C9A8B90C}") = "hashing app", "..\hashing app\hashing app.vdproj", "{52F7A5A9-5754-4BAB-8D1D-D546B9767ACD}"
EndProject
Global
	GlobalSection(SolutionConfigurationPlatforms) = preSolution
		Debug|Any CPU = Debug|Any CPU
		Release|Any CPU = Release|Any CPU
	EndGlobalSection
	GlobalSection(ProjectConfigurationPlatforms) = postSolution
		{FAF69E4E-3AD0-47E2-95EF-0C64F0D8862D}.Debug|Any CPU.ActiveCfg = Debug|Any CPU
		{FAF69E4E-3AD0-47E2-95EF-0C64F0D8862D}.Debug|Any CPU.Build.0 = Debug|Any CPU
		{FAF69E4E-3AD0-47E2-95EF-0C64F0D8862D}.Release|Any CPU.ActiveCfg = Release|Any CPU
		{FAF69E4E-3AD0-47E2-95EF-0C64F0D8862D}.Release|Any CPU.Build.0 = Release|Any CPU
		{52F7A5A9-5754-4BAB-8D1D-D546B9767ACD}.Debug|Any CPU.ActiveCfg = Debug
		{52F7A5A9-5754-4BAB-8D1D-D546B9767ACD}.Release|Any CPU.ActiveCfg = Release
	EndGlobalSection
	GlobalSection(SolutionProperties) = preSolution
		HideSolutionNode = FALSE
	EndGlobalSection
	GlobalSection(ExtensibilityGlobals) = postSolution
		SolutionGuid = {A60B6B6B-2691-4DCF-BC2E-79C4DB070468}
	EndGlobalSection
EndGlobal
